
Microsoft Visual Studio Solution File, Format Version 12.00
# Visual Studio Version 17
VisualStudioVersion = 17.6.33723.286
MinimumVisualStudioVersion = 10.0.40219.1
Project("{FAE04EC0-301F-11D3-BF4B-00C04F79EFBC}") = "MvvmCross_demo.Core", "MvvmCross_demo.Core\MvvmCross_demo.Core.csproj", "{B27691FE-1392-4BD4-8C77-C6CF7F39D9DE}"
EndProject
Project("{FAE04EC0-301F-11D3-BF4B-00C04F79EFBC}") = "MvvmCross_demo.Wpf", "MvvmCross_demo.Wpf\MvvmCross_demo.Wpf.csproj", "{B998DCD0-7104-409D-8B7C-0AEF5E6BEA23}"
EndProject
Global
	GlobalSection(SolutionConfigurationPlatforms) = preSolution
		Debug|Any CPU = Debug|Any CPU
		Release|Any CPU = Release|Any CPU
	EndGlobalSection
	GlobalSection(ProjectConfigurationPlatforms) = postSolution
		{B27691FE-1392-4BD4-8C77-C6CF7F39D9DE}.Debug|Any CPU.ActiveCfg = Debug|Any CPU
		{B27691FE-1392-4BD4-8C77-C6CF7F39D9DE}.Debug|Any CPU.Build.0 = Debug|Any CPU
		{B27691FE-1392-4BD4-8C77-C6CF7F39D9DE}.Release|Any CPU.ActiveCfg = Release|Any CPU
		{B27691FE-1392-4BD4-8C77-C6CF7F39D9DE}.Release|Any CPU.Build.0 = Release|Any CPU
		{B998DCD0-7104-409D-8B7C-0AEF5E6BEA23}.Debug|Any CPU.ActiveCfg = Debug|Any CPU
		{B998DCD0-7104-409D-8B7C-0AEF5E6BEA23}.Debug|Any CPU.Build.0 = Debug|Any CPU
		{B998DCD0-7104-409D-8B7C-0AEF5E6BEA23}.Release|Any CPU.ActiveCfg = Release|Any CPU
		{B998DCD0-7104-409D-8B7C-0AEF5E6BEA23}.Release|Any CPU.Build.0 = Release|Any CPU
	EndGlobalSection
	GlobalSection(SolutionProperties) = preSolution
		HideSolutionNode = FALSE
	EndGlobalSection
	GlobalSection(ExtensibilityGlobals) = postSolution
		SolutionGuid = {54D5FD31-5F79-436D-9C82-0D75237DF905}
	EndGlobalSection
EndGlobal
